{
  "version": 4,
  "terraform_version": "1.6.6",
  "serial": 5,
  "lineage": "ed5a0cb9-640b-d245-c3f1-c05f5438340e",
  "outputs": {},
  "resources": [
    {
      "mode": "managed",
      "type": "helm_release",
      "name": "client",
      "provider": "provider[\"registry.terraform.io/hashicorp/helm\"]",
      "instances": [
        {
          "schema_version": 1,
          "attributes": {
            "atomic": false,
            "chart": "/home/onur/Documents/mern/helm/client",
            "cleanup_on_fail": false,
            "create_namespace": false,
            "dependency_update": false,
            "description": null,
            "devel": null,
            "disable_crd_hooks": false,
            "disable_openapi_validation": false,
            "disable_webhooks": false,
            "force_update": false,
            "id": "client",
            "keyring": null,
            "lint": false,
            "manifest": null,
            "max_history": 0,
            "metadata": [
              {
                "app_version": "1.16.0",
                "chart": "client",
                "name": "client",
                "namespace": "default",
                "revision": 2,
                "values": "{\"image\":{\"pullPolicy\":\"Never\",\"repository\":\"client\"},\"ingress\":{\"clientName\":\"client\",\"clientPath\":\"/\",\"clientPathType\":\"Prefix\",\"clientPort\":80,\"host\":\"mern.minikube.test\",\"hosts\":\"mern.minikube.test\",\"secretName\":\"mern-tls\",\"serviceName\":\"server\",\"servicePath\":\"/api\",\"servicePathType\":\"Prefix\",\"servicePort\":5000},\"livenessProbe\":{\"initialDelaySeconds\":30,\"periodSeconds\":10},\"readinessProbe\":{\"initialDelaySeconds\":5,\"periodSeconds\":10},\"replicaCount\":1,\"resources\":{\"limits\":{\"cpu\":\"200m\",\"memory\":\"512Mi\"},\"requests\":{\"cpu\":\"100m\",\"memory\":\"256Mi\"}},\"service\":{\"port\":80,\"targetPort\":80,\"type\":\"NodePort\"}}",
                "version": "0.1.0"
              }
            ],
            "name": "client",
            "namespace": "default",
            "pass_credentials": false,
            "postrender": [],
            "recreate_pods": false,
            "render_subchart_notes": true,
            "replace": false,
            "repository": null,
            "repository_ca_file": null,
            "repository_cert_file": null,
            "repository_key_file": null,
            "repository_password": null,
            "repository_username": null,
            "reset_values": false,
            "reuse_values": false,
            "set": [
              {
                "name": "image.pullPolicy",
                "type": "",
                "value": "Never"
              },
              {
                "name": "image.repository",
                "type": "",
                "value": "client"
              },
              {
                "name": "ingress.clientName",
                "type": "",
                "value": "client"
              },
              {
                "name": "ingress.clientPath",
                "type": "",
                "value": "/"
              },
              {
                "name": "ingress.clientPathType",
                "type": "",
                "value": "Prefix"
              },
              {
                "name": "ingress.clientPort",
                "type": "",
                "value": "80"
              },
              {
                "name": "ingress.host",
                "type": "",
                "value": "mern.minikube.test"
              },
              {
                "name": "ingress.hosts",
                "type": "",
                "value": "mern.minikube.test"
              },
              {
                "name": "ingress.secretName",
                "type": "",
                "value": "mern-tls"
              },
              {
                "name": "ingress.serviceName",
                "type": "",
                "value": "server"
              },
              {
                "name": "ingress.servicePath",
                "type": "",
                "value": "/api"
              },
              {
                "name": "ingress.servicePathType",
                "type": "",
                "value": "Prefix"
              },
              {
                "name": "ingress.servicePort",
                "type": "",
                "value": "5000"
              },
              {
                "name": "livenessProbe.initialDelaySeconds",
                "type": "",
                "value": "30"
              },
              {
                "name": "livenessProbe.periodSeconds",
                "type": "",
                "value": "10"
              },
              {
                "name": "readinessProbe.initialDelaySeconds",
                "type": "",
                "value": "5"
              },
              {
                "name": "readinessProbe.periodSeconds",
                "type": "",
                "value": "10"
              },
              {
                "name": "replicaCount",
                "type": "",
                "value": "1"
              },
              {
                "name": "resources.limits.cpu",
                "type": "",
                "value": "200m"
              },
              {
                "name": "resources.limits.memory",
                "type": "",
                "value": "512Mi"
              },
              {
                "name": "resources.requests.cpu",
                "type": "",
                "value": "100m"
              },
              {
                "name": "resources.requests.memory",
                "type": "",
                "value": "256Mi"
              },
              {
                "name": "service.port",
                "type": "",
                "value": "80"
              },
              {
                "name": "service.targetPort",
                "type": "",
                "value": "80"
              },
              {
                "name": "service.type",
                "type": "",
                "value": "NodePort"
              }
            ],
            "set_list": [],
            "set_sensitive": [],
            "skip_crds": false,
            "status": "deployed",
            "timeout": 300,
            "values": null,
            "verify": false,
            "version": "0.1.0",
            "wait": true,
            "wait_for_jobs": false
          },
          "sensitive_attributes": [],
          "private": "eyJzY2hlbWFfdmVyc2lvbiI6IjEifQ=="
        }
      ]
    }
  ],
  "check_results": null
}
