{
  "version": 4,
  "terraform_version": "1.6.6",
  "serial": 20,
  "lineage": "b67d0e58-e9eb-c0a4-762e-85d25d1fbd1e",
  "outputs": {},
  "resources": [
    {
      "mode": "managed",
      "type": "helm_release",
      "name": "mongodb",
      "provider": "provider[\"registry.terraform.io/hashicorp/helm\"]",
      "instances": [
        {
          "schema_version": 1,
          "attributes": {
            "atomic": false,
            "chart": "/home/onur/Documents/mern/helm/mongodb",
            "cleanup_on_fail": false,
            "create_namespace": false,
            "dependency_update": false,
            "description": null,
            "devel": null,
            "disable_crd_hooks": false,
            "disable_openapi_validation": false,
            "disable_webhooks": false,
            "force_update": false,
            "id": "mongodb",
            "keyring": null,
            "lint": false,
            "manifest": null,
            "max_history": 0,
            "metadata": [
              {
                "app_version": "1.16.0",
                "chart": "mongo",
                "name": "mongodb",
                "namespace": "default",
                "revision": 1,
                "values": "{\"autoScaling\":{\"enabled\":\"yes\"},\"image\":{\"pullPolicy\":\"IfNotPresent\",\"repository\":\"bitnami/mongodb\",\"tag\":\"4.4.6\"},\"livenessProbe\":{\"initialDelaySeconds\":30,\"periodSeconds\":10},\"mongodb\":{\"auth\":{\"database\":\"employees\",\"password\":\"password123\",\"username\":\"my_user\"}},\"persistence\":{\"accessModes\":[\"ReadWriteOnce\"],\"enabled\":true,\"hostPath\":\"/tmp/mongodb\",\"size\":\"1Gi\",\"storageClass\":\"standard\"},\"readinessProbe\":{\"initialDelaySeconds\":5,\"periodSeconds\":10},\"resources\":{\"limits\":{\"cpu\":\"200m\",\"memory\":\"512Mi\"},\"requests\":{\"cpu\":\"100m\",\"memory\":\"256Mi\"}},\"securityContext\":{\"fsGroup\":1001,\"runAsUser\":1001},\"service\":{\"name\":\"mongodb\",\"port\":27017,\"type\":\"ClusterIP\"}}",
                "version": "0.1.0"
              }
            ],
            "name": "mongodb",
            "namespace": "default",
            "pass_credentials": false,
            "postrender": [],
            "recreate_pods": false,
            "render_subchart_notes": true,
            "replace": false,
            "repository": null,
            "repository_ca_file": null,
            "repository_cert_file": null,
            "repository_key_file": null,
            "repository_password": null,
            "repository_username": null,
            "reset_values": false,
            "reuse_values": false,
            "set": [
              {
                "name": "autoScaling.enabled",
                "type": "",
                "value": "yes"
              },
              {
                "name": "image.pullPolicy",
                "type": "",
                "value": "IfNotPresent"
              },
              {
                "name": "image.repository",
                "type": "",
                "value": "bitnami/mongodb"
              },
              {
                "name": "image.tag",
                "type": "",
                "value": "4.4.6"
              },
              {
                "name": "livenessProbe.initialDelaySeconds",
                "type": "",
                "value": "30"
              },
              {
                "name": "livenessProbe.periodSeconds",
                "type": "",
                "value": "10"
              },
              {
                "name": "mongodb.auth.database",
                "type": "",
                "value": "employees"
              },
              {
                "name": "mongodb.auth.password",
                "type": "",
                "value": "password123"
              },
              {
                "name": "mongodb.auth.username",
                "type": "",
                "value": "my_user"
              },
              {
                "name": "persistence.accessModes[0]",
                "type": "",
                "value": "ReadWriteOnce"
              },
              {
                "name": "persistence.enabled",
                "type": "",
                "value": "true"
              },
              {
                "name": "persistence.hostPath",
                "type": "",
                "value": "/tmp/mongodb"
              },
              {
                "name": "persistence.size",
                "type": "",
                "value": "1Gi"
              },
              {
                "name": "persistence.storageClass",
                "type": "",
                "value": "standard"
              },
              {
                "name": "readinessProbe.initialDelaySeconds",
                "type": "",
                "value": "5"
              },
              {
                "name": "readinessProbe.periodSeconds",
                "type": "",
                "value": "10"
              },
              {
                "name": "resources.limits.cpu",
                "type": "",
                "value": "200m"
              },
              {
                "name": "resources.limits.memory",
                "type": "",
                "value": "512Mi"
              },
              {
                "name": "resources.requests.cpu",
                "type": "",
                "value": "100m"
              },
              {
                "name": "resources.requests.memory",
                "type": "",
                "value": "256Mi"
              },
              {
                "name": "securityContext.fsGroup",
                "type": "",
                "value": "1001"
              },
              {
                "name": "securityContext.runAsUser",
                "type": "",
                "value": "1001"
              },
              {
                "name": "service.name",
                "type": "",
                "value": "mongodb"
              },
              {
                "name": "service.port",
                "type": "",
                "value": "27017"
              },
              {
                "name": "service.type",
                "type": "",
                "value": "ClusterIP"
              }
            ],
            "set_list": [],
            "set_sensitive": [],
            "skip_crds": false,
            "status": "deployed",
            "timeout": 300,
            "values": null,
            "verify": false,
            "version": "0.1.0",
            "wait": true,
            "wait_for_jobs": false
          },
          "sensitive_attributes": [],
          "private": "eyJzY2hlbWFfdmVyc2lvbiI6IjEifQ=="
        }
      ]
    }
  ],
  "check_results": null
}
